
Microsoft Visual Studio Solution File, Format Version 12.00
# Visual Studio 15
VisualStudioVersion = 15.0.28307.852
MinimumVisualStudioVersion = 10.0.40219.1
Project("{FAE04EC0-301F-11D3-BF4B-00C04F79EFBC}") = "mvcmovie", "mvcmovie\mvcmovie.csproj", "{134CA920-8465-47E7-84D3-D1CDD645B193}"
EndProject
Global
	GlobalSection(SolutionConfigurationPlatforms) = preSolution
		Debug|Any CPU = Debug|Any CPU
		Release|Any CPU = Release|Any CPU
	EndGlobalSection
	GlobalSection(ProjectConfigurationPlatforms) = postSolution
		{134CA920-8465-47E7-84D3-D1CDD645B193}.Debug|Any CPU.ActiveCfg = Debug|Any CPU
		{134CA920-8465-47E7-84D3-D1CDD645B193}.Debug|Any CPU.Build.0 = Debug|Any CPU
		{134CA920-8465-47E7-84D3-D1CDD645B193}.Release|Any CPU.ActiveCfg = Release|Any CPU
		{134CA920-8465-47E7-84D3-D1CDD645B193}.Release|Any CPU.Build.0 = Release|Any CPU
	EndGlobalSection
	GlobalSection(SolutionProperties) = preSolution
		HideSolutionNode = FALSE
	EndGlobalSection
	GlobalSection(ExtensibilityGlobals) = postSolution
		SolutionGuid = {90A8E791-60ED-417C-80E4-8A2B4E5B36DB}
	EndGlobalSection
EndGlobal
